
Microsoft Visual Studio Solution File, Format Version 12.00
# Visual Studio Version 17
VisualStudioVersion = 17.0.31903.59
MinimumVisualStudioVersion = 10.0.40219.1
Project("{2150E333-8FDC-42A3-9474-1A3956D46DE8}") = "src", "src", "{F8B48822-1D7A-4675-B961-8F7894DD342B}"
EndProject
Project("{FAE04EC0-301F-11D3-BF4B-00C04F79EFBC}") = "Conduit.Application", "src\Conduit.Application\Conduit.Application.csproj", "{43AA806A-CA42-451B-9199-F9360692BD54}"
EndProject
Project("{FAE04EC0-301F-11D3-BF4B-00C04F79EFBC}") = "Conduit.Domain", "src\Conduit.Domain\Conduit.Domain.csproj", "{04B9292F-9F85-45DD-8585-72B37108067A}"
EndProject
Project("{FAE04EC0-301F-11D3-BF4B-00C04F79EFBC}") = "Conduit.Infrastructure", "src\Conduit.Infrastructure\Conduit.Infrastructure.csproj", "{B6073090-B950-433C-93DE-CE9728ABAE54}"
EndProject
Project("{FAE04EC0-301F-11D3-BF4B-00C04F79EFBC}") = "Conduit.Presentation", "src\Conduit.Presentation\Conduit.Presentation.csproj", "{8032348D-FF1E-4A41-A0CE-442FA00CFF1C}"
EndProject
Project("{FAE04EC0-301F-11D3-BF4B-00C04F79EFBC}") = "Conduit.WebUI", "src\Conduit.WebUI\Conduit.WebUI.csproj", "{61F50927-8021-4551-9BFE-26E746D75759}"
EndProject
Project("{2150E333-8FDC-42A3-9474-1A3956D46DE8}") = "tools", "tools", "{E0F0F2FF-1B53-4072-B02B-1743CA05C4AA}"
EndProject
Project("{FAE04EC0-301F-11D3-BF4B-00C04F79EFBC}") = "Conduit.Tools", "tools\Conduit.Tools\Conduit.Tools.csproj", "{5E78A061-A2C4-439D-9C50-3D695EF740C7}"
EndProject
Project("{2150E333-8FDC-42A3-9474-1A3956D46DE8}") = "tests", "tests", "{DF30E92F-D40A-4B7F-8932-D7ECB5C973BE}"
EndProject
Project("{FAE04EC0-301F-11D3-BF4B-00C04F79EFBC}") = "Conduit.IntegrationTests", "tests\Conduit.IntegrationTests\Conduit.IntegrationTests.csproj", "{B9E8F05E-1255-4714-9585-0C1447D22BD6}"
EndProject
Global
	GlobalSection(SolutionConfigurationPlatforms) = preSolution
		Debug|Any CPU = Debug|Any CPU
		Release|Any CPU = Release|Any CPU
	EndGlobalSection
	GlobalSection(SolutionProperties) = preSolution
		HideSolutionNode = FALSE
	EndGlobalSection
	GlobalSection(ProjectConfigurationPlatforms) = postSolution
		{43AA806A-CA42-451B-9199-F9360692BD54}.Debug|Any CPU.ActiveCfg = Debug|Any CPU
		{43AA806A-CA42-451B-9199-F9360692BD54}.Debug|Any CPU.Build.0 = Debug|Any CPU
		{43AA806A-CA42-451B-9199-F9360692BD54}.Release|Any CPU.ActiveCfg = Release|Any CPU
		{43AA806A-CA42-451B-9199-F9360692BD54}.Release|Any CPU.Build.0 = Release|Any CPU
		{04B9292F-9F85-45DD-8585-72B37108067A}.Debug|Any CPU.ActiveCfg = Debug|Any CPU
		{04B9292F-9F85-45DD-8585-72B37108067A}.Debug|Any CPU.Build.0 = Debug|Any CPU
		{04B9292F-9F85-45DD-8585-72B37108067A}.Release|Any CPU.ActiveCfg = Release|Any CPU
		{04B9292F-9F85-45DD-8585-72B37108067A}.Release|Any CPU.Build.0 = Release|Any CPU
		{B6073090-B950-433C-93DE-CE9728ABAE54}.Debug|Any CPU.ActiveCfg = Debug|Any CPU
		{B6073090-B950-433C-93DE-CE9728ABAE54}.Debug|Any CPU.Build.0 = Debug|Any CPU
		{B6073090-B950-433C-93DE-CE9728ABAE54}.Release|Any CPU.ActiveCfg = Release|Any CPU
		{B6073090-B950-433C-93DE-CE9728ABAE54}.Release|Any CPU.Build.0 = Release|Any CPU
		{8032348D-FF1E-4A41-A0CE-442FA00CFF1C}.Debug|Any CPU.ActiveCfg = Debug|Any CPU
		{8032348D-FF1E-4A41-A0CE-442FA00CFF1C}.Debug|Any CPU.Build.0 = Debug|Any CPU
		{8032348D-FF1E-4A41-A0CE-442FA00CFF1C}.Release|Any CPU.ActiveCfg = Release|Any CPU
		{8032348D-FF1E-4A41-A0CE-442FA00CFF1C}.Release|Any CPU.Build.0 = Release|Any CPU
		{61F50927-8021-4551-9BFE-26E746D75759}.Debug|Any CPU.ActiveCfg = Debug|Any CPU
		{61F50927-8021-4551-9BFE-26E746D75759}.Debug|Any CPU.Build.0 = Debug|Any CPU
		{61F50927-8021-4551-9BFE-26E746D75759}.Release|Any CPU.ActiveCfg = Release|Any CPU
		{61F50927-8021-4551-9BFE-26E746D75759}.Release|Any CPU.Build.0 = Release|Any CPU
		{5E78A061-A2C4-439D-9C50-3D695EF740C7}.Debug|Any CPU.ActiveCfg = Debug|Any CPU
		{5E78A061-A2C4-439D-9C50-3D695EF740C7}.Debug|Any CPU.Build.0 = Debug|Any CPU
		{5E78A061-A2C4-439D-9C50-3D695EF740C7}.Release|Any CPU.ActiveCfg = Release|Any CPU
		{5E78A061-A2C4-439D-9C50-3D695EF740C7}.Release|Any CPU.Build.0 = Release|Any CPU
		{B9E8F05E-1255-4714-9585-0C1447D22BD6}.Debug|Any CPU.ActiveCfg = Debug|Any CPU
		{B9E8F05E-1255-4714-9585-0C1447D22BD6}.Debug|Any CPU.Build.0 = Debug|Any CPU
		{B9E8F05E-1255-4714-9585-0C1447D22BD6}.Release|Any CPU.ActiveCfg = Release|Any CPU
		{B9E8F05E-1255-4714-9585-0C1447D22BD6}.Release|Any CPU.Build.0 = Release|Any CPU
	EndGlobalSection
	GlobalSection(NestedProjects) = preSolution
		{43AA806A-CA42-451B-9199-F9360692BD54} = {F8B48822-1D7A-4675-B961-8F7894DD342B}
		{04B9292F-9F85-45DD-8585-72B37108067A} = {F8B48822-1D7A-4675-B961-8F7894DD342B}
		{B6073090-B950-433C-93DE-CE9728ABAE54} = {F8B48822-1D7A-4675-B961-8F7894DD342B}
		{8032348D-FF1E-4A41-A0CE-442FA00CFF1C} = {F8B48822-1D7A-4675-B961-8F7894DD342B}
		{61F50927-8021-4551-9BFE-26E746D75759} = {F8B48822-1D7A-4675-B961-8F7894DD342B}
		{5E78A061-A2C4-439D-9C50-3D695EF740C7} = {E0F0F2FF-1B53-4072-B02B-1743CA05C4AA}
		{B9E8F05E-1255-4714-9585-0C1447D22BD6} = {DF30E92F-D40A-4B7F-8932-D7ECB5C973BE}
	EndGlobalSection
EndGlobal
