
Microsoft Visual Studio Solution File, Format Version 12.00
# Visual Studio Version 16
VisualStudioVersion = 16.0.30114.105
MinimumVisualStudioVersion = 10.0.40219.1
Project("{2150E333-8FDC-42A3-9474-1A3956D46DE8}") = "src", "src", "{8368B388-63CF-496B-BFC5-78D8CD18A642}"
EndProject
Project("{FAE04EC0-301F-11D3-BF4B-00C04F79EFBC}") = "Domain", "src\Domain\Domain.csproj", "{BF5F66AA-7DDA-4E80-A12C-13201AA4471C}"
EndProject
Project("{FAE04EC0-301F-11D3-BF4B-00C04F79EFBC}") = "WebUI", "src\WebUI\WebUI.csproj", "{2B196A38-B4CB-4A36-B059-B2DA6511A5DA}"
EndProject
Project("{FAE04EC0-301F-11D3-BF4B-00C04F79EFBC}") = "Infrastructure", "src\Infrastructure\Infrastructure.csproj", "{444E92BB-B97D-4391-A893-EFD642E9B3BD}"
EndProject
Project("{FAE04EC0-301F-11D3-BF4B-00C04F79EFBC}") = "Application", "src\Application\Application.csproj", "{B51183C5-4A7B-44DC-9724-40578ECDF140}"
EndProject
Project("{2150E333-8FDC-42A3-9474-1A3956D46DE8}") = "tests", "tests", "{D0101ABE-C13B-451B-8EC8-BE570CA75248}"
EndProject
Project("{FAE04EC0-301F-11D3-BF4B-00C04F79EFBC}") = "Application.IntegrationTests", "tests\Application.IntegrationTests\Application.IntegrationTests.csproj", "{B1F067AB-81DB-41BE-B048-3520DEDED2F8}"
EndProject
Project("{FAE04EC0-301F-11D3-BF4B-00C04F79EFBC}") = "WebUI.IntegrationTests", "tests\WebUI.IntegrationTests\WebUI.IntegrationTests.csproj", "{C31C866B-98AF-42F7-B2EC-057C2235A7B4}"
EndProject
Project("{2150E333-8FDC-42A3-9474-1A3956D46DE8}") = "tools", "tools", "{7FB53EB3-7861-4C96-ABC8-EC52B624F168}"
EndProject
Project("{FAE04EC0-301F-11D3-BF4B-00C04F79EFBC}") = "Application.Tools", "tools\Application.Tools\Application.Tools.csproj", "{9787F0A2-C440-4A13-9349-BF9AAA49229E}"
EndProject
Project("{FAE04EC0-301F-11D3-BF4B-00C04F79EFBC}") = "targets", "targets\targets.csproj", "{835C15FD-F673-407C-A2FE-6AA9E0B934CF}"
EndProject
Global
	GlobalSection(SolutionConfigurationPlatforms) = preSolution
		Debug|Any CPU = Debug|Any CPU
		Debug|x64 = Debug|x64
		Debug|x86 = Debug|x86
		Release|Any CPU = Release|Any CPU
		Release|x64 = Release|x64
		Release|x86 = Release|x86
	EndGlobalSection
	GlobalSection(SolutionProperties) = preSolution
		HideSolutionNode = FALSE
	EndGlobalSection
	GlobalSection(ProjectConfigurationPlatforms) = postSolution
		{BF5F66AA-7DDA-4E80-A12C-13201AA4471C}.Debug|Any CPU.ActiveCfg = Debug|Any CPU
		{BF5F66AA-7DDA-4E80-A12C-13201AA4471C}.Debug|Any CPU.Build.0 = Debug|Any CPU
		{BF5F66AA-7DDA-4E80-A12C-13201AA4471C}.Debug|x64.ActiveCfg = Debug|Any CPU
		{BF5F66AA-7DDA-4E80-A12C-13201AA4471C}.Debug|x64.Build.0 = Debug|Any CPU
		{BF5F66AA-7DDA-4E80-A12C-13201AA4471C}.Debug|x86.ActiveCfg = Debug|Any CPU
		{BF5F66AA-7DDA-4E80-A12C-13201AA4471C}.Debug|x86.Build.0 = Debug|Any CPU
		{BF5F66AA-7DDA-4E80-A12C-13201AA4471C}.Release|Any CPU.ActiveCfg = Release|Any CPU
		{BF5F66AA-7DDA-4E80-A12C-13201AA4471C}.Release|Any CPU.Build.0 = Release|Any CPU
		{BF5F66AA-7DDA-4E80-A12C-13201AA4471C}.Release|x64.ActiveCfg = Release|Any CPU
		{BF5F66AA-7DDA-4E80-A12C-13201AA4471C}.Release|x64.Build.0 = Release|Any CPU
		{BF5F66AA-7DDA-4E80-A12C-13201AA4471C}.Release|x86.ActiveCfg = Release|Any CPU
		{BF5F66AA-7DDA-4E80-A12C-13201AA4471C}.Release|x86.Build.0 = Release|Any CPU
		{2B196A38-B4CB-4A36-B059-B2DA6511A5DA}.Debug|Any CPU.ActiveCfg = Debug|Any CPU
		{2B196A38-B4CB-4A36-B059-B2DA6511A5DA}.Debug|Any CPU.Build.0 = Debug|Any CPU
		{2B196A38-B4CB-4A36-B059-B2DA6511A5DA}.Debug|x64.ActiveCfg = Debug|Any CPU
		{2B196A38-B4CB-4A36-B059-B2DA6511A5DA}.Debug|x64.Build.0 = Debug|Any CPU
		{2B196A38-B4CB-4A36-B059-B2DA6511A5DA}.Debug|x86.ActiveCfg = Debug|Any CPU
		{2B196A38-B4CB-4A36-B059-B2DA6511A5DA}.Debug|x86.Build.0 = Debug|Any CPU
		{2B196A38-B4CB-4A36-B059-B2DA6511A5DA}.Release|Any CPU.ActiveCfg = Release|Any CPU
		{2B196A38-B4CB-4A36-B059-B2DA6511A5DA}.Release|Any CPU.Build.0 = Release|Any CPU
		{2B196A38-B4CB-4A36-B059-B2DA6511A5DA}.Release|x64.ActiveCfg = Release|Any CPU
		{2B196A38-B4CB-4A36-B059-B2DA6511A5DA}.Release|x64.Build.0 = Release|Any CPU
		{2B196A38-B4CB-4A36-B059-B2DA6511A5DA}.Release|x86.ActiveCfg = Release|Any CPU
		{2B196A38-B4CB-4A36-B059-B2DA6511A5DA}.Release|x86.Build.0 = Release|Any CPU
		{444E92BB-B97D-4391-A893-EFD642E9B3BD}.Debug|Any CPU.ActiveCfg = Debug|Any CPU
		{444E92BB-B97D-4391-A893-EFD642E9B3BD}.Debug|Any CPU.Build.0 = Debug|Any CPU
		{444E92BB-B97D-4391-A893-EFD642E9B3BD}.Debug|x64.ActiveCfg = Debug|Any CPU
		{444E92BB-B97D-4391-A893-EFD642E9B3BD}.Debug|x64.Build.0 = Debug|Any CPU
		{444E92BB-B97D-4391-A893-EFD642E9B3BD}.Debug|x86.ActiveCfg = Debug|Any CPU
		{444E92BB-B97D-4391-A893-EFD642E9B3BD}.Debug|x86.Build.0 = Debug|Any CPU
		{444E92BB-B97D-4391-A893-EFD642E9B3BD}.Release|Any CPU.ActiveCfg = Release|Any CPU
		{444E92BB-B97D-4391-A893-EFD642E9B3BD}.Release|Any CPU.Build.0 = Release|Any CPU
		{444E92BB-B97D-4391-A893-EFD642E9B3BD}.Release|x64.ActiveCfg = Release|Any CPU
		{444E92BB-B97D-4391-A893-EFD642E9B3BD}.Release|x64.Build.0 = Release|Any CPU
		{444E92BB-B97D-4391-A893-EFD642E9B3BD}.Release|x86.ActiveCfg = Release|Any CPU
		{444E92BB-B97D-4391-A893-EFD642E9B3BD}.Release|x86.Build.0 = Release|Any CPU
		{B51183C5-4A7B-44DC-9724-40578ECDF140}.Debug|Any CPU.ActiveCfg = Debug|Any CPU
		{B51183C5-4A7B-44DC-9724-40578ECDF140}.Debug|Any CPU.Build.0 = Debug|Any CPU
		{B51183C5-4A7B-44DC-9724-40578ECDF140}.Debug|x64.ActiveCfg = Debug|Any CPU
		{B51183C5-4A7B-44DC-9724-40578ECDF140}.Debug|x64.Build.0 = Debug|Any CPU
		{B51183C5-4A7B-44DC-9724-40578ECDF140}.Debug|x86.ActiveCfg = Debug|Any CPU
		{B51183C5-4A7B-44DC-9724-40578ECDF140}.Debug|x86.Build.0 = Debug|Any CPU
		{B51183C5-4A7B-44DC-9724-40578ECDF140}.Release|Any CPU.ActiveCfg = Release|Any CPU
		{B51183C5-4A7B-44DC-9724-40578ECDF140}.Release|Any CPU.Build.0 = Release|Any CPU
		{B51183C5-4A7B-44DC-9724-40578ECDF140}.Release|x64.ActiveCfg = Release|Any CPU
		{B51183C5-4A7B-44DC-9724-40578ECDF140}.Release|x64.Build.0 = Release|Any CPU
		{B51183C5-4A7B-44DC-9724-40578ECDF140}.Release|x86.ActiveCfg = Release|Any CPU
		{B51183C5-4A7B-44DC-9724-40578ECDF140}.Release|x86.Build.0 = Release|Any CPU
		{B1F067AB-81DB-41BE-B048-3520DEDED2F8}.Debug|Any CPU.ActiveCfg = Debug|Any CPU
		{B1F067AB-81DB-41BE-B048-3520DEDED2F8}.Debug|Any CPU.Build.0 = Debug|Any CPU
		{B1F067AB-81DB-41BE-B048-3520DEDED2F8}.Debug|x64.ActiveCfg = Debug|Any CPU
		{B1F067AB-81DB-41BE-B048-3520DEDED2F8}.Debug|x64.Build.0 = Debug|Any CPU
		{B1F067AB-81DB-41BE-B048-3520DEDED2F8}.Debug|x86.ActiveCfg = Debug|Any CPU
		{B1F067AB-81DB-41BE-B048-3520DEDED2F8}.Debug|x86.Build.0 = Debug|Any CPU
		{B1F067AB-81DB-41BE-B048-3520DEDED2F8}.Release|Any CPU.ActiveCfg = Release|Any CPU
		{B1F067AB-81DB-41BE-B048-3520DEDED2F8}.Release|Any CPU.Build.0 = Release|Any CPU
		{B1F067AB-81DB-41BE-B048-3520DEDED2F8}.Release|x64.ActiveCfg = Release|Any CPU
		{B1F067AB-81DB-41BE-B048-3520DEDED2F8}.Release|x64.Build.0 = Release|Any CPU
		{B1F067AB-81DB-41BE-B048-3520DEDED2F8}.Release|x86.ActiveCfg = Release|Any CPU
		{B1F067AB-81DB-41BE-B048-3520DEDED2F8}.Release|x86.Build.0 = Release|Any CPU
		{C31C866B-98AF-42F7-B2EC-057C2235A7B4}.Debug|Any CPU.ActiveCfg = Debug|Any CPU
		{C31C866B-98AF-42F7-B2EC-057C2235A7B4}.Debug|Any CPU.Build.0 = Debug|Any CPU
		{C31C866B-98AF-42F7-B2EC-057C2235A7B4}.Debug|x64.ActiveCfg = Debug|Any CPU
		{C31C866B-98AF-42F7-B2EC-057C2235A7B4}.Debug|x64.Build.0 = Debug|Any CPU
		{C31C866B-98AF-42F7-B2EC-057C2235A7B4}.Debug|x86.ActiveCfg = Debug|Any CPU
		{C31C866B-98AF-42F7-B2EC-057C2235A7B4}.Debug|x86.Build.0 = Debug|Any CPU
		{C31C866B-98AF-42F7-B2EC-057C2235A7B4}.Release|Any CPU.ActiveCfg = Release|Any CPU
		{C31C866B-98AF-42F7-B2EC-057C2235A7B4}.Release|Any CPU.Build.0 = Release|Any CPU
		{C31C866B-98AF-42F7-B2EC-057C2235A7B4}.Release|x64.ActiveCfg = Release|Any CPU
		{C31C866B-98AF-42F7-B2EC-057C2235A7B4}.Release|x64.Build.0 = Release|Any CPU
		{C31C866B-98AF-42F7-B2EC-057C2235A7B4}.Release|x86.ActiveCfg = Release|Any CPU
		{C31C866B-98AF-42F7-B2EC-057C2235A7B4}.Release|x86.Build.0 = Release|Any CPU
		{9787F0A2-C440-4A13-9349-BF9AAA49229E}.Debug|Any CPU.ActiveCfg = Debug|Any CPU
		{9787F0A2-C440-4A13-9349-BF9AAA49229E}.Debug|Any CPU.Build.0 = Debug|Any CPU
		{9787F0A2-C440-4A13-9349-BF9AAA49229E}.Debug|x64.ActiveCfg = Debug|Any CPU
		{9787F0A2-C440-4A13-9349-BF9AAA49229E}.Debug|x64.Build.0 = Debug|Any CPU
		{9787F0A2-C440-4A13-9349-BF9AAA49229E}.Debug|x86.ActiveCfg = Debug|Any CPU
		{9787F0A2-C440-4A13-9349-BF9AAA49229E}.Debug|x86.Build.0 = Debug|Any CPU
		{9787F0A2-C440-4A13-9349-BF9AAA49229E}.Release|Any CPU.ActiveCfg = Release|Any CPU
		{9787F0A2-C440-4A13-9349-BF9AAA49229E}.Release|Any CPU.Build.0 = Release|Any CPU
		{9787F0A2-C440-4A13-9349-BF9AAA49229E}.Release|x64.ActiveCfg = Release|Any CPU
		{9787F0A2-C440-4A13-9349-BF9AAA49229E}.Release|x64.Build.0 = Release|Any CPU
		{9787F0A2-C440-4A13-9349-BF9AAA49229E}.Release|x86.ActiveCfg = Release|Any CPU
		{9787F0A2-C440-4A13-9349-BF9AAA49229E}.Release|x86.Build.0 = Release|Any CPU
		{835C15FD-F673-407C-A2FE-6AA9E0B934CF}.Debug|Any CPU.ActiveCfg = Debug|Any CPU
		{835C15FD-F673-407C-A2FE-6AA9E0B934CF}.Debug|Any CPU.Build.0 = Debug|Any CPU
		{835C15FD-F673-407C-A2FE-6AA9E0B934CF}.Debug|x64.ActiveCfg = Debug|Any CPU
		{835C15FD-F673-407C-A2FE-6AA9E0B934CF}.Debug|x64.Build.0 = Debug|Any CPU
		{835C15FD-F673-407C-A2FE-6AA9E0B934CF}.Debug|x86.ActiveCfg = Debug|Any CPU
		{835C15FD-F673-407C-A2FE-6AA9E0B934CF}.Debug|x86.Build.0 = Debug|Any CPU
		{835C15FD-F673-407C-A2FE-6AA9E0B934CF}.Release|Any CPU.ActiveCfg = Release|Any CPU
		{835C15FD-F673-407C-A2FE-6AA9E0B934CF}.Release|Any CPU.Build.0 = Release|Any CPU
		{835C15FD-F673-407C-A2FE-6AA9E0B934CF}.Release|x64.ActiveCfg = Release|Any CPU
		{835C15FD-F673-407C-A2FE-6AA9E0B934CF}.Release|x64.Build.0 = Release|Any CPU
		{835C15FD-F673-407C-A2FE-6AA9E0B934CF}.Release|x86.ActiveCfg = Release|Any CPU
		{835C15FD-F673-407C-A2FE-6AA9E0B934CF}.Release|x86.Build.0 = Release|Any CPU
	EndGlobalSection
	GlobalSection(NestedProjects) = preSolution
		{BF5F66AA-7DDA-4E80-A12C-13201AA4471C} = {8368B388-63CF-496B-BFC5-78D8CD18A642}
		{2B196A38-B4CB-4A36-B059-B2DA6511A5DA} = {8368B388-63CF-496B-BFC5-78D8CD18A642}
		{444E92BB-B97D-4391-A893-EFD642E9B3BD} = {8368B388-63CF-496B-BFC5-78D8CD18A642}
		{B51183C5-4A7B-44DC-9724-40578ECDF140} = {8368B388-63CF-496B-BFC5-78D8CD18A642}
		{B1F067AB-81DB-41BE-B048-3520DEDED2F8} = {D0101ABE-C13B-451B-8EC8-BE570CA75248}
		{C31C866B-98AF-42F7-B2EC-057C2235A7B4} = {D0101ABE-C13B-451B-8EC8-BE570CA75248}
		{9787F0A2-C440-4A13-9349-BF9AAA49229E} = {7FB53EB3-7861-4C96-ABC8-EC52B624F168}
	EndGlobalSection
EndGlobal
