{
  "version": 1,
  "dependencies": {
    "net10.0": {
      "BCrypt.Net-Next": {
        "type": "Direct",
        "requested": "[4.2.0, )",
        "resolved": "4.2.0",
        "contentHash": "gwLD2KfCuwQesP17aVh4h6lpiMPEVt5Lbpndo0ej903hNUUTtyxt3ARdDjmuydBRTAUICc7OVKVbaOvc6SQYXA=="
      },
      "Microsoft.AspNetCore.Authentication.JwtBearer": {
        "type": "Direct",
        "requested": "[10.0.9, )",
        "resolved": "10.0.9",
        "contentHash": "Hs5NDsGm8YicDDNx5RoBIT+H2AB9R27MvZ2gHoupTiHr+nnH3VxzY7DcmlbJ3b5DvvOhK35lWt/9Odtrq9sjtA==",
        "dependencies": {
          "Microsoft.IdentityModel.Protocols.OpenIdConnect": "8.0.1"
        }
      },
      "Microsoft.EntityFrameworkCore.Proxies": {
        "type": "Direct",
        "requested": "[10.0.9, )",
        "resolved": "10.0.9",
        "contentHash": "NT8TgiEbx02z7JtQvrGOd08GKd0rTQIh4/VXXimnut2SKs1iGxoeYZ0fS2YnDBDeSKeNBnSEtoCK7GZSFAdRjg==",
        "dependencies": {
          "Castle.Core": "5.2.1",
          "Microsoft.EntityFrameworkCore": "10.0.9",
          "Microsoft.Extensions.Caching.Memory": "10.0.9",
          "Microsoft.Extensions.Logging": "10.0.9"
        }
      },
      "Microsoft.Extensions.Options.ConfigurationExtensions": {
        "type": "Direct",
        "requested": "[10.0.9, )",
        "resolved": "10.0.9",
        "contentHash": "Y4E24zffF/aPS0igNvY6ZzAQfbxd6AYdC9L4brnH+uK0yYYHIR6FeGVQVVjAOo8wub1EQDl2B90lCcpqoTF7Yw==",
        "dependencies": {
          "Microsoft.Extensions.Configuration.Abstractions": "10.0.9",
          "Microsoft.Extensions.Configuration.Binder": "10.0.9",
          "Microsoft.Extensions.DependencyInjection.Abstractions": "10.0.9",
          "Microsoft.Extensions.Options": "10.0.9",
          "Microsoft.Extensions.Primitives": "10.0.9"
        }
      },
      "Npgsql.EntityFrameworkCore.PostgreSQL": {
        "type": "Direct",
        "requested": "[10.0.3, )",
        "resolved": "10.0.3",
        "contentHash": "IPGrrZnRkuW7OlHDhUESZz4G5DLkW7Nej/O3Cx+0iTsgyU5XJxBgpsvTHLloo3WWuAKKbDHXBvWPVkX1deRh1Q==",
        "dependencies": {
          "Microsoft.EntityFrameworkCore": "[10.0.4, 11.0.0)",
          "Microsoft.EntityFrameworkCore.Relational": "[10.0.4, 11.0.0)",
          "Npgsql": "10.0.3"
        }
      },
      "Scrutor": {
        "type": "Direct",
        "requested": "[7.0.0, )",
        "resolved": "7.0.0",
        "contentHash": "wHWaroody48jnlLoq/REwUltIFLxplXyHTP+sttrc8P7+jkiVqf38afDidJNv4qgD/6zz2NKOYg06xLZ1bG7wQ==",
        "dependencies": {
          "Microsoft.Extensions.DependencyInjection.Abstractions": "10.0.0",
          "Microsoft.Extensions.DependencyModel": "10.0.0"
        }
      },
      "Slugify.Core": {
        "type": "Direct",
        "requested": "[5.1.1, )",
        "resolved": "5.1.1",
        "contentHash": "9dsxewpdgnLgOVN6dIRX3XvlEy1XpLbE2nd2bFebcW0XPdysU1WgQUXChFcAfjHpdfImBxMUe33PTwZOuU531Q=="
      },
      "SonarAnalyzer.CSharp": {
        "type": "Direct",
        "requested": "[10.29.0.143774, )",
        "resolved": "10.29.0.143774",
        "contentHash": "YOBCHTjqb4ak7yjLQhQJ6S0+aTkgnuMcekjCrhWruyIIoWlB1C8W+Fgr18bWit+xx7Gd9sNl5sziOwh6D804Hg=="
      },
      "Castle.Core": {
        "type": "Transitive",
        "resolved": "5.2.1",
        "contentHash": "wHARzQA695jwwKreOzNsq54KiGqKP38tv8hi8e2FXDEC/sA6BtrX90tVPDkOfVu13PbEzr00TCV8coikl+D1Iw==",
        "dependencies": {
          "System.Diagnostics.EventLog": "6.0.0"
        }
      },
      "FluentValidation": {
        "type": "Transitive",
        "resolved": "12.1.1",
        "contentHash": "EPpkIe1yh1a0OXyC100oOA8WMbZvqUu5plwhvYcb7oSELfyUZzfxV48BLhvs3kKo4NwG7MGLNgy1RJiYtT8Dpw=="
      },
      "FluentValidation.DependencyInjectionExtensions": {
        "type": "Transitive",
        "resolved": "12.1.1",
        "contentHash": "D0VXh4dtjjX2aQizuaa0g6R8X3U1JaVqJPfGCvLwZX9t/O2h7tkpbitbadQMfwcgSPdDbI2vDxuwRMv/Uf9dHA==",
        "dependencies": {
          "FluentValidation": "12.1.1",
          "Microsoft.Extensions.DependencyInjection.Abstractions": "2.1.0"
        }
      },
      "Microsoft.EntityFrameworkCore": {
        "type": "Transitive",
        "resolved": "10.0.9",
        "contentHash": "tu85SRzOT021V7EQlViCiAE7TqldVn469Y6lt5TEn/+XC4/MeNCHgMRSxqYuWqvF4zAQZUhCmtNEZuM3ss4LeA==",
        "dependencies": {
          "Microsoft.EntityFrameworkCore.Abstractions": "10.0.9",
          "Microsoft.EntityFrameworkCore.Analyzers": "10.0.9",
          "Microsoft.Extensions.Caching.Memory": "10.0.9",
          "Microsoft.Extensions.Logging": "10.0.9"
        }
      },
      "Microsoft.EntityFrameworkCore.Abstractions": {
        "type": "Transitive",
        "resolved": "10.0.9",
        "contentHash": "GRMaiPkqYna/gCsyDffYDWmefGPC3hDrdMw+2rrGcQwhs6uZOsaMQXMJnoXQ35tx9SkBV2ieRRU9N/jLOO6BZw=="
      },
      "Microsoft.EntityFrameworkCore.Analyzers": {
        "type": "Transitive",
        "resolved": "10.0.9",
        "contentHash": "aiEFB+C5EsZGqxvMPazE07hbWsp4iPaufJpanGt5O+lrwv7mJLrqma5haVIgFAPCyhQkmk75XSCEubT1zUjxtA=="
      },
      "Microsoft.EntityFrameworkCore.Relational": {
        "type": "Transitive",
        "resolved": "10.0.9",
        "contentHash": "dEoyYKgiaZHHgOFm1WMWm1sFEsEuhPWufX4L9PekKtqd/RaIcPjkCjvbrVvJtApErb5wPSJhYvnTlxhH+p9h2g==",
        "dependencies": {
          "Microsoft.EntityFrameworkCore": "10.0.9",
          "Microsoft.Extensions.Caching.Memory": "10.0.9",
          "Microsoft.Extensions.Configuration.Abstractions": "10.0.9",
          "Microsoft.Extensions.Logging": "10.0.9"
        }
      },
      "Microsoft.Extensions.Caching.Abstractions": {
        "type": "Transitive",
        "resolved": "10.0.9",
        "contentHash": "5fGxcw2vuYp8s0wio9H1ECiuk4iKSdTIlNuigdLIrkhg+5XAwgFVDB/5Ots3pfN/QhABLYXutA79JFtnUKDSHA==",
        "dependencies": {
          "Microsoft.Extensions.Primitives": "10.0.9"
        }
      },
      "Microsoft.Extensions.Caching.Memory": {
        "type": "Transitive",
        "resolved": "10.0.9",
        "contentHash": "G9mregdatGWMCQWeCw012LDeJVP7G/XIxH8Ddbjc8bD1//dA+8VVQdcRE9jI1moyoJxSSZhHITUnNQ8FUDl5+Q==",
        "dependencies": {
          "Microsoft.Extensions.Caching.Abstractions": "10.0.9",
          "Microsoft.Extensions.DependencyInjection.Abstractions": "10.0.9",
          "Microsoft.Extensions.Logging.Abstractions": "10.0.9",
          "Microsoft.Extensions.Options": "10.0.9",
          "Microsoft.Extensions.Primitives": "10.0.9"
        }
      },
      "Microsoft.Extensions.Configuration": {
        "type": "Transitive",
        "resolved": "10.0.9",
        "contentHash": "woZsWLhOQsASuxbmgiZJqiGUBNo3IjRdXC92xt8rRokza+P6/nIsnzq7sm9Or6ZYcRl2kL1ufj8HVzp1QlPTXw==",
        "dependencies": {
          "Microsoft.Extensions.Configuration.Abstractions": "10.0.9",
          "Microsoft.Extensions.Primitives": "10.0.9"
        }
      },
      "Microsoft.Extensions.Configuration.Abstractions": {
        "type": "Transitive",
        "resolved": "10.0.9",
        "contentHash": "qGhRPd3VxfLV9UqatVOiD9mAeUbj2KiMwGFYC5uXlzExiZQoe4X/hdmzGIU7BQjNLTqCnnbTHVyBglG3668/HA==",
        "dependencies": {
          "Microsoft.Extensions.Primitives": "10.0.9"
        }
      },
      "Microsoft.Extensions.Configuration.Binder": {
        "type": "Transitive",
        "resolved": "10.0.9",
        "contentHash": "Tp/+LPb70RyjjtLg9m5C959eP4KrUpJHThZfAegZVpsfmGvzfuNkuYbI/ft+LvXhMSyUcAeOPaN6rzTccwnZAg==",
        "dependencies": {
          "Microsoft.Extensions.Configuration": "10.0.9",
          "Microsoft.Extensions.Configuration.Abstractions": "10.0.9"
        }
      },
      "Microsoft.Extensions.DependencyInjection": {
        "type": "Transitive",
        "resolved": "10.0.9",
        "contentHash": "NijozhERJDIaJ4k5TSMy1jOi0cSC2HfkvRD/Sl+kGSSKgVbFnF4GxgtMN/MrzHB8D1JxIrD4xSer9Blh9v3axQ==",
        "dependencies": {
          "Microsoft.Extensions.DependencyInjection.Abstractions": "10.0.9"
        }
      },
      "Microsoft.Extensions.DependencyInjection.Abstractions": {
        "type": "Transitive",
        "resolved": "10.0.9",
        "contentHash": "g41l/30G3K4B/d/L8kjux0+30e27c8D0FVQ/PFCpbekgfDpj9mnDhieP67EqXWvl1EWNeZh2rpR4F5B/jcDOHA=="
      },
      "Microsoft.Extensions.DependencyModel": {
        "type": "Transitive",
        "resolved": "10.0.0",
        "contentHash": "RFYJR7APio/BiqdQunRq6DB+nDB6nc2qhHr77mlvZ0q0BT8PubMXN7XicmfzCbrDE/dzhBnUKBRXLTcqUiZDGg=="
      },
      "Microsoft.Extensions.Logging": {
        "type": "Transitive",
        "resolved": "10.0.9",
        "contentHash": "N7Gm9SjugYjmmnhwbBKC9DFqGqjfJvh6YfOJgtwh0AW0Xpok3dIVors1ik050XmUxKAgAc7nNngDIJyFb06K2g==",
        "dependencies": {
          "Microsoft.Extensions.DependencyInjection": "10.0.9",
          "Microsoft.Extensions.Logging.Abstractions": "10.0.9",
          "Microsoft.Extensions.Options": "10.0.9"
        }
      },
      "Microsoft.Extensions.Logging.Abstractions": {
        "type": "Transitive",
        "resolved": "10.0.9",
        "contentHash": "9S/DFt4cohlMPpzIxjG6kk0L8MuN2vDm9pbMCulxtJzzk82oJHVLBd8vuQxaPskaYQwKqmFmbannf5eoChgjYg==",
        "dependencies": {
          "Microsoft.Extensions.DependencyInjection.Abstractions": "10.0.9"
        }
      },
      "Microsoft.Extensions.Options": {
        "type": "Transitive",
        "resolved": "10.0.9",
        "contentHash": "hyNdX4c2UwkRkzb9byw0H2DQkRzwBM3mzY2sCM9egwzTyg8dvQJmp5noQHGEaaCORQrNK3DD2gREBsc2DlXS4A==",
        "dependencies": {
          "Microsoft.Extensions.DependencyInjection.Abstractions": "10.0.9",
          "Microsoft.Extensions.Primitives": "10.0.9"
        }
      },
      "Microsoft.Extensions.Primitives": {
        "type": "Transitive",
        "resolved": "10.0.9",
        "contentHash": "fmEbAUFsaIKirgLt/lYhuFRBwhcSJN31jjHgCdbQxJiWOum6EdLjkbgGuukSP9z/a+9LibaxII/kF+GwOXgC4g=="
      },
      "Microsoft.IdentityModel.Abstractions": {
        "type": "Transitive",
        "resolved": "8.0.1",
        "contentHash": "OtlIWcyX01olfdevPKZdIPfBEvbcioDyBiE/Z2lHsopsMD7twcKtlN9kMevHmI5IIPhFpfwCIiR6qHQz1WHUIw=="
      },
      "Microsoft.IdentityModel.JsonWebTokens": {
        "type": "Transitive",
        "resolved": "8.0.1",
        "contentHash": "s6++gF9x0rQApQzOBbSyp4jUaAlwm+DroKfL8gdOHxs83k8SJfUXhuc46rDB3rNXBQ1MVRxqKUrqFhO/M0E97g==",
        "dependencies": {
          "Microsoft.IdentityModel.Tokens": "8.0.1"
        }
      },
      "Microsoft.IdentityModel.Logging": {
        "type": "Transitive",
        "resolved": "8.0.1",
        "contentHash": "UCPF2exZqBXe7v/6sGNiM6zCQOUXXQ9+v5VTb9gPB8ZSUPnX53BxlN78v2jsbIvK9Dq4GovQxo23x8JgWvm/Qg==",
        "dependencies": {
          "Microsoft.IdentityModel.Abstractions": "8.0.1"
        }
      },
      "Microsoft.IdentityModel.Protocols": {
        "type": "Transitive",
        "resolved": "8.0.1",
        "contentHash": "uA2vpKqU3I2mBBEaeJAWPTjT9v1TZrGWKdgK6G5qJd03CLx83kdiqO9cmiK8/n1erkHzFBwU/RphP83aAe3i3g==",
        "dependencies": {
          "Microsoft.IdentityModel.Tokens": "8.0.1"
        }
      },
      "Microsoft.IdentityModel.Protocols.OpenIdConnect": {
        "type": "Transitive",
        "resolved": "8.0.1",
        "contentHash": "AQDbfpL+yzuuGhO/mQhKNsp44pm5Jv8/BI4KiFXR7beVGZoSH35zMV3PrmcfvSTsyI6qrcR898NzUauD6SRigg==",
        "dependencies": {
          "Microsoft.IdentityModel.Protocols": "8.0.1",
          "System.IdentityModel.Tokens.Jwt": "8.0.1"
        }
      },
      "Microsoft.IdentityModel.Tokens": {
        "type": "Transitive",
        "resolved": "8.0.1",
        "contentHash": "kDimB6Dkd3nkW2oZPDkMkVHfQt3IDqO5gL0oa8WVy3OP4uE8Ij+8TXnqg9TOd9ufjsY3IDiGz7pCUbnfL18tjg==",
        "dependencies": {
          "Microsoft.IdentityModel.Logging": "8.0.1"
        }
      },
      "Npgsql": {
        "type": "Transitive",
        "resolved": "10.0.3",
        "contentHash": "7nb5YzXuvWWJxB0J8DiyL3we+X4FOctZrt0fIBnucOIaIevFEEwGQVZKtiu9olXdlNAK1eNgqSral6r/jlhI4w==",
        "dependencies": {
          "Microsoft.Extensions.Logging.Abstractions": "10.0.0"
        }
      },
      "System.Diagnostics.EventLog": {
        "type": "Transitive",
        "resolved": "6.0.0",
        "contentHash": "lcyUiXTsETK2ALsZrX+nWuHSIQeazhqPphLfaRxzdGaG93+0kELqpgEHtwWOlQe7+jSFnKwaCAgL4kjeZCQJnw=="
      },
      "System.IdentityModel.Tokens.Jwt": {
        "type": "Transitive",
        "resolved": "8.0.1",
        "contentHash": "GJw3bYkWpOgvN3tJo5X4lYUeIFA2HD293FPUhKmp7qxS+g5ywAb34Dnd3cDAFLkcMohy5XTpoaZ4uAHuw0uSPQ==",
        "dependencies": {
          "Microsoft.IdentityModel.JsonWebTokens": "8.0.1",
          "Microsoft.IdentityModel.Tokens": "8.0.1"
        }
      },
      "conduit.application": {
        "type": "Project",
        "dependencies": {
          "Conduit.Domain": "[1.0.0, )",
          "FluentValidation": "[12.1.1, )",
          "FluentValidation.DependencyInjectionExtensions": "[12.1.1, )",
          "Microsoft.EntityFrameworkCore": "[10.0.9, )",
          "Microsoft.EntityFrameworkCore.Relational": "[10.0.9, )"
        }
      },
      "conduit.domain": {
        "type": "Project"
      }
    }
  }
}