{
  "version": 1,
  "dependencies": {
    "net7.0": {
      "SonarAnalyzer.CSharp": {
        "type": "Direct",
        "requested": "[9.3.0.71466, )",
        "resolved": "9.3.0.71466",
        "contentHash": "XaoZmOTe3K0Qpa5vRs4hL4Lli1F4FvCEk+3e1C+pZu/tuzTyZxorC3j3tCHaUpMzJWlFPx27sUul9ubvVbEeig=="
      }
    }
  }
}