{
  "version": 1,
  "dependencies": {
    "net9.0": {
      "SonarAnalyzer.CSharp": {
        "type": "Direct",
        "requested": "[10.9.0.115408, )",
        "resolved": "10.9.0.115408",
        "contentHash": "cLvuPNhLWTnHtbTQzZh64xao0ZNsXKc8oZ0Q4agAmMjnqG7Q54mL8jw55rYnVytv+cXRw9ItRoUsggnvRsKJIA=="
      }
    }
  }
}