{
  "version": 1,
  "dependencies": {
    "net8.0": {
      "SonarAnalyzer.CSharp": {
        "type": "Direct",
        "requested": "[9.32.0.97167, )",
        "resolved": "9.32.0.97167",
        "contentHash": "Yxk86RV+8ynJpUhku1Yw2hITFmnmXKkXJ73cIFSy85ol5SnWREQg9RuTyV8nI7V7+pyLKpCfRmD7P0widsgjkg=="
      }
    }
  }
}